
Microsoft Visual Studio Solution File, Format Version 12.00
# Visual Studio Version 16
VisualStudioVersion = 16.0.30406.217
MinimumVisualStudioVersion = 10.0.40219.1
Project("{F2A71F9B-5D33-465A-A702-920D77279786}") = "Generate", "Generate\Generate.fsproj", "{322E75AF-5238-455A-9A02-D57B57690571}"
EndProject
Global
	GlobalSection(SolutionConfigurationPlatforms) = preSolution
		Debug|Any CPU = Debug|Any CPU
		Release|Any CPU = Release|Any CPU
	EndGlobalSection
	GlobalSection(ProjectConfigurationPlatforms) = postSolution
		{322E75AF-5238-455A-9A02-D57B57690571}.Debug|Any CPU.ActiveCfg = Debug|Any CPU
		{322E75AF-5238-455A-9A02-D57B57690571}.Debug|Any CPU.Build.0 = Debug|Any CPU
	EndGlobalSection
	GlobalSection(SolutionProperties) = preSolution
		HideSolutionNode = FALSE
	EndGlobalSection
	GlobalSection(ExtensibilityGlobals) = postSolution
		SolutionGuid = {C4C1DD2B-3B47-49EE-8304-F565E8E70EF7}
	EndGlobalSection
EndGlobal
